
Microsoft Visual Studio Solution File, Format Version 12.00
# Visual Studio Version 17
VisualStudioVersion = 17.3.32825.248
MinimumVisualStudioVersion = 10.0.40219.1
Project("{FAE04EC0-301F-11D3-BF4B-00C04F79EFBC}") = "DummyDB", "DummyDB\DummyDB.csproj", "{8FCB9C83-F9A7-4123-A5D9-617075E946FF}"
EndProject
Global
	GlobalSection(SolutionConfigurationPlatforms) = preSolution
		Debug|Any CPU = Debug|Any CPU
		Release|Any CPU = Release|Any CPU
	EndGlobalSection
	GlobalSection(ProjectConfigurationPlatforms) = postSolution
		{8FCB9C83-F9A7-4123-A5D9-617075E946FF}.Debug|Any CPU.ActiveCfg = Debug|Any CPU
		{8FCB9C83-F9A7-4123-A5D9-617075E946FF}.Debug|Any CPU.Build.0 = Debug|Any CPU
		{8FCB9C83-F9A7-4123-A5D9-617075E946FF}.Release|Any CPU.ActiveCfg = Release|Any CPU
		{8FCB9C83-F9A7-4123-A5D9-617075E946FF}.Release|Any CPU.Build.0 = Release|Any CPU
	EndGlobalSection
	GlobalSection(SolutionProperties) = preSolution
		HideSolutionNode = FALSE
	EndGlobalSection
	GlobalSection(ExtensibilityGlobals) = postSolution
		SolutionGuid = {EBBAEB70-97EB-4208-8CC4-BA440F0637CE}
	EndGlobalSection
EndGlobal
